Microsoft Visual Studio Solution File, Format Version 12.00
# Visual Studio Version 17
VisualStudioVersion = 17.5.2.0
MinimumVisualStudioVersion = 10.0.40219.1
Project("{FAE04EC0-301F-11D3-BF4B-00C04F79EFBC}") = "hotzerver.pilkki.calendar", "hotzerver.pilkki.calendar.csproj", "{AE32D5ED-C7DC-02B0-15B1-840309C4B6D7}"
EndProject
Global
	GlobalSection(SolutionConfigurationPlatforms) = preSolution
		Debug|Any CPU = Debug|Any CPU
		Release|Any CPU = Release|Any CPU
	EndGlobalSection
	GlobalSection(ProjectConfigurationPlatforms) = postSolution
		{AE32D5ED-C7DC-02B0-15B1-840309C4B6D7}.Debug|Any CPU.ActiveCfg = Debug|Any CPU
		{AE32D5ED-C7DC-02B0-15B1-840309C4B6D7}.Debug|Any CPU.Build.0 = Debug|Any CPU
		{AE32D5ED-C7DC-02B0-15B1-840309C4B6D7}.Release|Any CPU.ActiveCfg = Release|Any CPU
		{AE32D5ED-C7DC-02B0-15B1-840309C4B6D7}.Release|Any CPU.Build.0 = Release|Any CPU
	EndGlobalSection
	GlobalSection(SolutionProperties) = preSolution
		HideSolutionNode = FALSE
	EndGlobalSection
	GlobalSection(ExtensibilityGlobals) = postSolution
		SolutionGuid = {E1611DC3-E3CC-495A-A888-D94E9C71417C}
	EndGlobalSection
EndGlobal
